
Microsoft Visual Studio Solution File, Format Version 12.00
# Visual Studio Version 17
VisualStudioVersion = 17.3.32819.101
MinimumVisualStudioVersion = 10.0.40219.1
Project("{FAE04EC0-301F-11D3-BF4B-00C04F79EFBC}") = "Checkpoint2_ProductList", "Checkpoint2_ProductList\Checkpoint2_ProductList.csproj", "{9CE797AE-1FCB-4CF3-B72A-79C3EDC53847}"
EndProject
Global
	GlobalSection(SolutionConfigurationPlatforms) = preSolution
		Debug|Any CPU = Debug|Any CPU
		Release|Any CPU = Release|Any CPU
	EndGlobalSection
	GlobalSection(ProjectConfigurationPlatforms) = postSolution
		{9CE797AE-1FCB-4CF3-B72A-79C3EDC53847}.Debug|Any CPU.ActiveCfg = Debug|Any CPU
		{9CE797AE-1FCB-4CF3-B72A-79C3EDC53847}.Debug|Any CPU.Build.0 = Debug|Any CPU
		{9CE797AE-1FCB-4CF3-B72A-79C3EDC53847}.Release|Any CPU.ActiveCfg = Release|Any CPU
		{9CE797AE-1FCB-4CF3-B72A-79C3EDC53847}.Release|Any CPU.Build.0 = Release|Any CPU
	EndGlobalSection
	GlobalSection(SolutionProperties) = preSolution
		HideSolutionNode = FALSE
	EndGlobalSection
	GlobalSection(ExtensibilityGlobals) = postSolution
		SolutionGuid = {538F3828-60C5-46D5-9645-70506BE3BBD9}
	EndGlobalSection
EndGlobal
